
Microsoft Visual Studio Solution File, Format Version 12.00
# Visual Studio Version 17
VisualStudioVersion = 17.9.34723.18
MinimumVisualStudioVersion = 10.0.40219.1
Project("{FAE04EC0-301F-11D3-BF4B-00C04F79EFBC}") = "WebApplication1", "WebApplication1\WebApplication1.csproj", "{CC20B90C-61D4-4AFF-9A24-D3121351E467}"
EndProject
Global
	GlobalSection(SolutionConfigurationPlatforms) = preSolution
		Debug|Any CPU = Debug|Any CPU
		Release|Any CPU = Release|Any CPU
	EndGlobalSection
	GlobalSection(ProjectConfigurationPlatforms) = postSolution
		{CC20B90C-61D4-4AFF-9A24-D3121351E467}.Debug|Any CPU.ActiveCfg = Debug|Any CPU
		{CC20B90C-61D4-4AFF-9A24-D3121351E467}.Debug|Any CPU.Build.0 = Debug|Any CPU
		{CC20B90C-61D4-4AFF-9A24-D3121351E467}.Release|Any CPU.ActiveCfg = Release|Any CPU
		{CC20B90C-61D4-4AFF-9A24-D3121351E467}.Release|Any CPU.Build.0 = Release|Any CPU
	EndGlobalSection
	GlobalSection(SolutionProperties) = preSolution
		HideSolutionNode = FALSE
	EndGlobalSection
	GlobalSection(ExtensibilityGlobals) = postSolution
		SolutionGuid = {FA23E972-647F-4F50-AF4E-4D18B8496EE7}
	EndGlobalSection
EndGlobal
